
Microsoft Visual Studio Solution File, Format Version 12.00
# Visual Studio Version 16
VisualStudioVersion = 16.0.30309.148
MinimumVisualStudioVersion = 10.0.40219.1
Project("{8BC9CEB8-8B4A-11D0-8D11-00A0C91BC942}") = "LeetCode - Meduim - greedy", "LeetCode - Meduim - greedy\LeetCode - Meduim - greedy.vcxproj", "{A35E53B9-84F6-45C6-A365-C023A406FBEA}"
EndProject
Global
	GlobalSection(SolutionConfigurationPlatforms) = preSolution
		Debug|x64 = Debug|x64
		Debug|x86 = Debug|x86
		Release|x64 = Release|x64
		Release|x86 = Release|x86
	EndGlobalSection
	GlobalSection(ProjectConfigurationPlatforms) = postSolution
		{A35E53B9-84F6-45C6-A365-C023A406FBEA}.Debug|x64.ActiveCfg = Debug|x64
		{A35E53B9-84F6-45C6-A365-C023A406FBEA}.Debug|x64.Build.0 = Debug|x64
		{A35E53B9-84F6-45C6-A365-C023A406FBEA}.Debug|x86.ActiveCfg = Debug|Win32
		{A35E53B9-84F6-45C6-A365-C023A406FBEA}.Debug|x86.Build.0 = Debug|Win32
		{A35E53B9-84F6-45C6-A365-C023A406FBEA}.Release|x64.ActiveCfg = Release|x64
		{A35E53B9-84F6-45C6-A365-C023A406FBEA}.Release|x64.Build.0 = Release|x64
		{A35E53B9-84F6-45C6-A365-C023A406FBEA}.Release|x86.ActiveCfg = Release|Win32
		{A35E53B9-84F6-45C6-A365-C023A406FBEA}.Release|x86.Build.0 = Release|Win32
	EndGlobalSection
	GlobalSection(SolutionProperties) = preSolution
		HideSolutionNode = FALSE
	EndGlobalSection
	GlobalSection(ExtensibilityGlobals) = postSolution
		SolutionGuid = {E4E1410A-FC7B-434C-9E53-4EFB0B9AD2E1}
	EndGlobalSection
EndGlobal
